
Microsoft Visual Studio Solution File, Format Version 12.00
# Visual Studio Version 16
VisualStudioVersion = 16.0.29025.244
MinimumVisualStudioVersion = 10.0.40219.1
Project("{2150E333-8FDC-42A3-9474-1A3956D46DE8}") = "Samples", "Samples", "{250B50F1-543D-4D9D-B4FC-A1EA4E61B9E4}"
	ProjectSection(SolutionItems) = preProject
		..\readme.md = ..\readme.md
	EndProjectSection
EndProject
Project("{2150E333-8FDC-42A3-9474-1A3956D46DE8}") = "Tutorials", "Tutorials", "{22B9FE19-4D5A-4F3F-ABEA-F9ACB1574331}"
EndProject
Project("{8BC9CEB8-8B4A-11D0-8D11-00A0C91BC942}") = "D3D12RaytracingProceduralGeometry", "D3D12RaytracingProceduralGeometry\D3D12RaytracingProceduralGeometry.vcxproj", "{0C266269-AC0C-41B0-9D25-0117DC23CFC7}"
	ProjectSection(ProjectDependencies) = postProject
		{86A58508-0D6A-4786-A32F-01A301FDC6F3} = {86A58508-0D6A-4786-A32F-01A301FDC6F3}
	EndProjectSection
EndProject
Project("{2150E333-8FDC-42A3-9474-1A3956D46DE8}") = "MiniEngine", "MiniEngine", "{7594E8F0-200B-489E-AC33-2C1D585E22E0}"
EndProject
Project("{8BC9CEB8-8B4A-11D0-8D11-00A0C91BC942}") = "Core", "..\..\..\..\MiniEngine\Core\Core_VS16.vcxproj", "{86A58508-0D6A-4786-A32F-01A301FDC6F3}"
EndProject
Global
	GlobalSection(SolutionConfigurationPlatforms) = preSolution
		Debug|x64 = Debug|x64
		Profile|x64 = Profile|x64
		Release|x64 = Release|x64
	EndGlobalSection
	GlobalSection(ProjectConfigurationPlatforms) = postSolution
		{0C266269-AC0C-41B0-9D25-0117DC23CFC7}.Debug|x64.ActiveCfg = Debug|x64
		{0C266269-AC0C-41B0-9D25-0117DC23CFC7}.Debug|x64.Build.0 = Debug|x64
		{0C266269-AC0C-41B0-9D25-0117DC23CFC7}.Profile|x64.ActiveCfg = Release|x64
		{0C266269-AC0C-41B0-9D25-0117DC23CFC7}.Profile|x64.Build.0 = Release|x64
		{0C266269-AC0C-41B0-9D25-0117DC23CFC7}.Release|x64.ActiveCfg = Release|x64
		{0C266269-AC0C-41B0-9D25-0117DC23CFC7}.Release|x64.Build.0 = Release|x64
		{86A58508-0D6A-4786-A32F-01A301FDC6F3}.Debug|x64.ActiveCfg = Debug|x64
		{86A58508-0D6A-4786-A32F-01A301FDC6F3}.Debug|x64.Build.0 = Debug|x64
		{86A58508-0D6A-4786-A32F-01A301FDC6F3}.Profile|x64.ActiveCfg = Profile|x64
		{86A58508-0D6A-4786-A32F-01A301FDC6F3}.Profile|x64.Build.0 = Profile|x64
		{86A58508-0D6A-4786-A32F-01A301FDC6F3}.Release|x64.ActiveCfg = Release|x64
		{86A58508-0D6A-4786-A32F-01A301FDC6F3}.Release|x64.Build.0 = Release|x64
	EndGlobalSection
	GlobalSection(SolutionProperties) = preSolution
		HideSolutionNode = FALSE
	EndGlobalSection
	GlobalSection(NestedProjects) = preSolution
		{22B9FE19-4D5A-4F3F-ABEA-F9ACB1574331} = {250B50F1-543D-4D9D-B4FC-A1EA4E61B9E4}
		{0C266269-AC0C-41B0-9D25-0117DC23CFC7} = {22B9FE19-4D5A-4F3F-ABEA-F9ACB1574331}
		{86A58508-0D6A-4786-A32F-01A301FDC6F3} = {7594E8F0-200B-489E-AC33-2C1D585E22E0}
	EndGlobalSection
	GlobalSection(ExtensibilityGlobals) = postSolution
		SolutionGuid = {F763A25B-2115-4E87-87C4-2C6AA75C1542}
	EndGlobalSection
EndGlobal
